
Microsoft Visual Studio Solution File, Format Version 12.00
# Visual Studio Version 16
VisualStudioVersion = 16.0.30611.23
MinimumVisualStudioVersion = 10.0.40219.1
Project("{FAE04EC0-301F-11D3-BF4B-00C04F79EFBC}") = "ExpensesManager", "ExpensesManager\ExpensesManager.csproj", "{52AD67AC-B201-4F73-8BEE-73BE84BDE324}"
EndProject
Global
	GlobalSection(SolutionConfigurationPlatforms) = preSolution
		Debug|Any CPU = Debug|Any CPU
		Release|Any CPU = Release|Any CPU
	EndGlobalSection
	GlobalSection(ProjectConfigurationPlatforms) = postSolution
		{52AD67AC-B201-4F73-8BEE-73BE84BDE324}.Debug|Any CPU.ActiveCfg = Debug|Any CPU
		{52AD67AC-B201-4F73-8BEE-73BE84BDE324}.Debug|Any CPU.Build.0 = Debug|Any CPU
		{52AD67AC-B201-4F73-8BEE-73BE84BDE324}.Release|Any CPU.ActiveCfg = Release|Any CPU
		{52AD67AC-B201-4F73-8BEE-73BE84BDE324}.Release|Any CPU.Build.0 = Release|Any CPU
	EndGlobalSection
	GlobalSection(SolutionProperties) = preSolution
		HideSolutionNode = FALSE
	EndGlobalSection
	GlobalSection(ExtensibilityGlobals) = postSolution
		SolutionGuid = {F8390CF1-8EAA-4410-B469-94162205470F}
	EndGlobalSection
EndGlobal
